
Microsoft Visual Studio Solution File, Format Version 12.00
# Visual Studio 15
VisualStudioVersion = 15.0.28307.572
MinimumVisualStudioVersion = 10.0.40219.1
Project("{FAE04EC0-301F-11D3-BF4B-00C04F79EFBC}") = "SpecialString", "SpecialString\SpecialString.csproj", "{711FB9CC-3647-4385-9623-F2381D7F7506}"
EndProject
Global
	GlobalSection(SolutionConfigurationPlatforms) = preSolution
		Debug|Any CPU = Debug|Any CPU
		Release|Any CPU = Release|Any CPU
	EndGlobalSection
	GlobalSection(ProjectConfigurationPlatforms) = postSolution
		{711FB9CC-3647-4385-9623-F2381D7F7506}.Debug|Any CPU.ActiveCfg = Debug|Any CPU
		{711FB9CC-3647-4385-9623-F2381D7F7506}.Debug|Any CPU.Build.0 = Debug|Any CPU
		{711FB9CC-3647-4385-9623-F2381D7F7506}.Release|Any CPU.ActiveCfg = Release|Any CPU
		{711FB9CC-3647-4385-9623-F2381D7F7506}.Release|Any CPU.Build.0 = Release|Any CPU
	EndGlobalSection
	GlobalSection(SolutionProperties) = preSolution
		HideSolutionNode = FALSE
	EndGlobalSection
	GlobalSection(ExtensibilityGlobals) = postSolution
		SolutionGuid = {D90B9B3A-F12B-4B6B-A33D-8979D8FE385D}
	EndGlobalSection
EndGlobal
