
Microsoft Visual Studio Solution File, Format Version 12.00
# Visual Studio 15
VisualStudioVersion = 15.0.28307.572
MinimumVisualStudioVersion = 10.0.40219.1
Project("{FAE04EC0-301F-11D3-BF4B-00C04F79EFBC}") = "SpecialString", "SpecialString\SpecialString.csproj", "{711FB9CC-3647-4385-9623-F2381D7F7506}"
EndProject
Project("{FAE04EC0-301F-11D3-BF4B-00C04F79EFBC}") = "GoatLatin", "GoatLatin\GoatLatin.csproj", "{FC627E7F-FBA5-4B88-98B4-8B84A1DBAE48}"
EndProject
Project("{FAE04EC0-301F-11D3-BF4B-00C04F79EFBC}") = "CalculatorGenerics", "Calculator\CalculatorGenerics.csproj", "{729164A9-4734-4B11-BEF3-9A81C272B6F0}"
EndProject
Project("{FAE04EC0-301F-11D3-BF4B-00C04F79EFBC}") = "CalculatorBonusNuget", "CalculatorBonusNuget\CalculatorBonusNuget.csproj", "{39043B31-1CD8-432F-812B-F1A62005B4D1}"
EndProject
Project("{FAE04EC0-301F-11D3-BF4B-00C04F79EFBC}") = "CalculatorSimplu", "CalculatorSimplu\CalculatorSimplu.csproj", "{225532D2-8779-4A95-97BA-D9C887391B9B}"
EndProject
Global
	GlobalSection(SolutionConfigurationPlatforms) = preSolution
		Debug|Any CPU = Debug|Any CPU
		Release|Any CPU = Release|Any CPU
	EndGlobalSection
	GlobalSection(ProjectConfigurationPlatforms) = postSolution
		{711FB9CC-3647-4385-9623-F2381D7F7506}.Debug|Any CPU.ActiveCfg = Debug|Any CPU
		{711FB9CC-3647-4385-9623-F2381D7F7506}.Debug|Any CPU.Build.0 = Debug|Any CPU
		{711FB9CC-3647-4385-9623-F2381D7F7506}.Release|Any CPU.ActiveCfg = Release|Any CPU
		{711FB9CC-3647-4385-9623-F2381D7F7506}.Release|Any CPU.Build.0 = Release|Any CPU
		{FC627E7F-FBA5-4B88-98B4-8B84A1DBAE48}.Debug|Any CPU.ActiveCfg = Debug|Any CPU
		{FC627E7F-FBA5-4B88-98B4-8B84A1DBAE48}.Debug|Any CPU.Build.0 = Debug|Any CPU
		{FC627E7F-FBA5-4B88-98B4-8B84A1DBAE48}.Release|Any CPU.ActiveCfg = Release|Any CPU
		{FC627E7F-FBA5-4B88-98B4-8B84A1DBAE48}.Release|Any CPU.Build.0 = Release|Any CPU
		{729164A9-4734-4B11-BEF3-9A81C272B6F0}.Debug|Any CPU.ActiveCfg = Debug|Any CPU
		{729164A9-4734-4B11-BEF3-9A81C272B6F0}.Debug|Any CPU.Build.0 = Debug|Any CPU
		{729164A9-4734-4B11-BEF3-9A81C272B6F0}.Release|Any CPU.ActiveCfg = Release|Any CPU
		{729164A9-4734-4B11-BEF3-9A81C272B6F0}.Release|Any CPU.Build.0 = Release|Any CPU
		{39043B31-1CD8-432F-812B-F1A62005B4D1}.Debug|Any CPU.ActiveCfg = Debug|Any CPU
		{39043B31-1CD8-432F-812B-F1A62005B4D1}.Debug|Any CPU.Build.0 = Debug|Any CPU
		{39043B31-1CD8-432F-812B-F1A62005B4D1}.Release|Any CPU.ActiveCfg = Release|Any CPU
		{39043B31-1CD8-432F-812B-F1A62005B4D1}.Release|Any CPU.Build.0 = Release|Any CPU
		{225532D2-8779-4A95-97BA-D9C887391B9B}.Debug|Any CPU.ActiveCfg = Debug|Any CPU
		{225532D2-8779-4A95-97BA-D9C887391B9B}.Debug|Any CPU.Build.0 = Debug|Any CPU
		{225532D2-8779-4A95-97BA-D9C887391B9B}.Release|Any CPU.ActiveCfg = Release|Any CPU
		{225532D2-8779-4A95-97BA-D9C887391B9B}.Release|Any CPU.Build.0 = Release|Any CPU
	EndGlobalSection
	GlobalSection(SolutionProperties) = preSolution
		HideSolutionNode = FALSE
	EndGlobalSection
	GlobalSection(ExtensibilityGlobals) = postSolution
		SolutionGuid = {D90B9B3A-F12B-4B6B-A33D-8979D8FE385D}
	EndGlobalSection
EndGlobal
